
Microsoft Visual Studio Solution File, Format Version 12.00
# Visual Studio 2013
VisualStudioVersion = 12.0.21005.1
MinimumVisualStudioVersion = 10.0.40219.1
Project("{FAE04EC0-301F-11D3-BF4B-00C04F79EFBC}") = "QL_CUAHANGTIENLOI", "QL_CUAHANGTIENLOI\QL_CUAHANGTIENLOI.csproj", "{19FD9F44-28D9-43EC-867E-E1F77BA08C8D}"
EndProject
Project("{FAE04EC0-301F-11D3-BF4B-00C04F79EFBC}") = "emailTextBox", "emailTextBox\emailTextBox.csproj", "{2B66AABF-12D5-44F3-863A-58AC16741F22}"
EndProject
Project("{FAE04EC0-301F-11D3-BF4B-00C04F79EFBC}") = "DTO", "DTO\DTO.csproj", "{D6C87B94-5C62-4F14-A413-7ED7DF3726AE}"
EndProject
Project("{FAE04EC0-301F-11D3-BF4B-00C04F79EFBC}") = "DAL", "DAL\DAL.csproj", "{C9895678-896D-48DE-9686-A8F96EE2A0DF}"
EndProject
Project("{FAE04EC0-301F-11D3-BF4B-00C04F79EFBC}") = "BLL", "BLL\BLL.csproj", "{6937AA94-8826-4057-B631-0BB6ABAA6905}"
EndProject
Global
	GlobalSection(SolutionConfigurationPlatforms) = preSolution
		Debug|Any CPU = Debug|Any CPU
		Release|Any CPU = Release|Any CPU
	EndGlobalSection
	GlobalSection(ProjectConfigurationPlatforms) = postSolution
		{19FD9F44-28D9-43EC-867E-E1F77BA08C8D}.Debug|Any CPU.ActiveCfg = Debug|Any CPU
		{19FD9F44-28D9-43EC-867E-E1F77BA08C8D}.Debug|Any CPU.Build.0 = Debug|Any CPU
		{19FD9F44-28D9-43EC-867E-E1F77BA08C8D}.Release|Any CPU.ActiveCfg = Release|Any CPU
		{19FD9F44-28D9-43EC-867E-E1F77BA08C8D}.Release|Any CPU.Build.0 = Release|Any CPU
		{2B66AABF-12D5-44F3-863A-58AC16741F22}.Debug|Any CPU.ActiveCfg = Debug|Any CPU
		{2B66AABF-12D5-44F3-863A-58AC16741F22}.Debug|Any CPU.Build.0 = Debug|Any CPU
		{2B66AABF-12D5-44F3-863A-58AC16741F22}.Release|Any CPU.ActiveCfg = Release|Any CPU
		{2B66AABF-12D5-44F3-863A-58AC16741F22}.Release|Any CPU.Build.0 = Release|Any CPU
		{D6C87B94-5C62-4F14-A413-7ED7DF3726AE}.Debug|Any CPU.ActiveCfg = Debug|Any CPU
		{D6C87B94-5C62-4F14-A413-7ED7DF3726AE}.Debug|Any CPU.Build.0 = Debug|Any CPU
		{D6C87B94-5C62-4F14-A413-7ED7DF3726AE}.Release|Any CPU.ActiveCfg = Release|Any CPU
		{D6C87B94-5C62-4F14-A413-7ED7DF3726AE}.Release|Any CPU.Build.0 = Release|Any CPU
		{C9895678-896D-48DE-9686-A8F96EE2A0DF}.Debug|Any CPU.ActiveCfg = Debug|Any CPU
		{C9895678-896D-48DE-9686-A8F96EE2A0DF}.Debug|Any CPU.Build.0 = Debug|Any CPU
		{C9895678-896D-48DE-9686-A8F96EE2A0DF}.Release|Any CPU.ActiveCfg = Release|Any CPU
		{C9895678-896D-48DE-9686-A8F96EE2A0DF}.Release|Any CPU.Build.0 = Release|Any CPU
		{6937AA94-8826-4057-B631-0BB6ABAA6905}.Debug|Any CPU.ActiveCfg = Debug|Any CPU
		{6937AA94-8826-4057-B631-0BB6ABAA6905}.Debug|Any CPU.Build.0 = Debug|Any CPU
		{6937AA94-8826-4057-B631-0BB6ABAA6905}.Release|Any CPU.ActiveCfg = Release|Any CPU
		{6937AA94-8826-4057-B631-0BB6ABAA6905}.Release|Any CPU.Build.0 = Release|Any CPU
	EndGlobalSection
	GlobalSection(SolutionProperties) = preSolution
		HideSolutionNode = FALSE
	EndGlobalSection
EndGlobal
